
Microsoft Visual Studio Solution File, Format Version 11.00
# Visual Studio 2010
Project("{FAE04EC0-301F-11D3-BF4B-00C04F79EFBC}") = "Assembly-CSharp", "Assembly-CSharp.csproj", "{0E4D01CC-D9D9-12C3-4C70-42C938153133}"
EndProject
Global
	GlobalSection(SolutionConfigurationPlatforms) = preSolution
		Debug|Any CPU = Debug|Any CPU
		Release|Any CPU = Release|Any CPU
	EndGlobalSection
	GlobalSection(ProjectConfigurationPlatforms) = postSolution
		{0E4D01CC-D9D9-12C3-4C70-42C938153133}.Debug|Any CPU.ActiveCfg = Debug|Any CPU
		{0E4D01CC-D9D9-12C3-4C70-42C938153133}.Debug|Any CPU.Build.0 = Debug|Any CPU
		{0E4D01CC-D9D9-12C3-4C70-42C938153133}.Release|Any CPU.ActiveCfg = Release|Any CPU
		{0E4D01CC-D9D9-12C3-4C70-42C938153133}.Release|Any CPU.Build.0 = Release|Any CPU
	EndGlobalSection
	GlobalSection(SolutionProperties) = preSolution
		HideSolutionNode = FALSE
	EndGlobalSection
EndGlobal
